
Microsoft Visual Studio Solution File, Format Version 12.00
# Visual Studio 15
VisualStudioVersion = 15.0.27520.0
MinimumVisualStudioVersion = 10.0.40219.1
Project("{D954291E-2A0B-460D-934E-DC6B0785DB48}") = "WhiskeyDistiller.Mobile", "WhiskeyDistiller.Mobile\WhiskeyDistiller.Mobile.shproj", "{FF311577-8FB4-4D46-B9BC-E039E101BAA1}"
EndProject
Project("{FAE04EC0-301F-11D3-BF4B-00C04F79EFBC}") = "WhiskeyDistiller.Mobile.UWP", "WhiskeyDistiller.Mobile.UWP\WhiskeyDistiller.Mobile.UWP.csproj", "{9848A658-3B06-4185-A525-3549383B3586}"
EndProject
Project("{9A19103F-16F7-4668-BE54-9A1E7A4F7556}") = "WhiskeyDistiller.library", "WhiskeyDistiller.library\WhiskeyDistiller.library.csproj", "{55DDFF6A-1956-41DB-9A5D-0CA2FBEC60D6}"
EndProject
Global
	GlobalSection(SharedMSBuildProjectFiles) = preSolution
		WhiskeyDistiller.Mobile\WhiskeyDistiller.Mobile.projitems*{9848a658-3b06-4185-a525-3549383b3586}*SharedItemsImports = 4
		WhiskeyDistiller.Mobile\WhiskeyDistiller.Mobile.projitems*{ff311577-8fb4-4d46-b9bc-e039e101baa1}*SharedItemsImports = 13
	EndGlobalSection
	GlobalSection(SolutionConfigurationPlatforms) = preSolution
		Ad-Hoc|Any CPU = Ad-Hoc|Any CPU
		Ad-Hoc|ARM = Ad-Hoc|ARM
		Ad-Hoc|iPhone = Ad-Hoc|iPhone
		Ad-Hoc|iPhoneSimulator = Ad-Hoc|iPhoneSimulator
		Ad-Hoc|x64 = Ad-Hoc|x64
		Ad-Hoc|x86 = Ad-Hoc|x86
		AppStore|Any CPU = AppStore|Any CPU
		AppStore|ARM = AppStore|ARM
		AppStore|iPhone = AppStore|iPhone
		AppStore|iPhoneSimulator = AppStore|iPhoneSimulator
		AppStore|x64 = AppStore|x64
		AppStore|x86 = AppStore|x86
		Debug|Any CPU = Debug|Any CPU
		Debug|ARM = Debug|ARM
		Debug|iPhone = Debug|iPhone
		Debug|iPhoneSimulator = Debug|iPhoneSimulator
		Debug|x64 = Debug|x64
		Debug|x86 = Debug|x86
		Release|Any CPU = Release|Any CPU
		Release|ARM = Release|ARM
		Release|iPhone = Release|iPhone
		Release|iPhoneSimulator = Release|iPhoneSimulator
		Release|x64 = Release|x64
		Release|x86 = Release|x86
	EndGlobalSection
	GlobalSection(ProjectConfigurationPlatforms) = postSolution
		{9848A658-3B06-4185-A525-3549383B3586}.Ad-Hoc|Any CPU.ActiveCfg = Release|x86
		{9848A658-3B06-4185-A525-3549383B3586}.Ad-Hoc|Any CPU.Build.0 = Release|x86
		{9848A658-3B06-4185-A525-3549383B3586}.Ad-Hoc|Any CPU.Deploy.0 = Release|x86
		{9848A658-3B06-4185-A525-3549383B3586}.Ad-Hoc|ARM.ActiveCfg = Release|ARM
		{9848A658-3B06-4185-A525-3549383B3586}.Ad-Hoc|ARM.Build.0 = Release|ARM
		{9848A658-3B06-4185-A525-3549383B3586}.Ad-Hoc|ARM.Deploy.0 = Release|ARM
		{9848A658-3B06-4185-A525-3549383B3586}.Ad-Hoc|iPhone.ActiveCfg = Release|x86
		{9848A658-3B06-4185-A525-3549383B3586}.Ad-Hoc|iPhone.Build.0 = Release|x86
		{9848A658-3B06-4185-A525-3549383B3586}.Ad-Hoc|iPhone.Deploy.0 = Release|x86
		{9848A658-3B06-4185-A525-3549383B3586}.Ad-Hoc|iPhoneSimulator.ActiveCfg = Release|x86
		{9848A658-3B06-4185-A525-3549383B3586}.Ad-Hoc|iPhoneSimulator.Build.0 = Release|x86
		{9848A658-3B06-4185-A525-3549383B3586}.Ad-Hoc|iPhoneSimulator.Deploy.0 = Release|x86
		{9848A658-3B06-4185-A525-3549383B3586}.Ad-Hoc|x64.ActiveCfg = Release|x64
		{9848A658-3B06-4185-A525-3549383B3586}.Ad-Hoc|x64.Build.0 = Release|x64
		{9848A658-3B06-4185-A525-3549383B3586}.Ad-Hoc|x64.Deploy.0 = Release|x64
		{9848A658-3B06-4185-A525-3549383B3586}.Ad-Hoc|x86.ActiveCfg = Release|x86
		{9848A658-3B06-4185-A525-3549383B3586}.Ad-Hoc|x86.Build.0 = Release|x86
		{9848A658-3B06-4185-A525-3549383B3586}.Ad-Hoc|x86.Deploy.0 = Release|x86
		{9848A658-3B06-4185-A525-3549383B3586}.AppStore|Any CPU.ActiveCfg = Release|x86
		{9848A658-3B06-4185-A525-3549383B3586}.AppStore|Any CPU.Build.0 = Release|x86
		{9848A658-3B06-4185-A525-3549383B3586}.AppStore|Any CPU.Deploy.0 = Release|x86
		{9848A658-3B06-4185-A525-3549383B3586}.AppStore|ARM.ActiveCfg = Release|ARM
		{9848A658-3B06-4185-A525-3549383B3586}.AppStore|ARM.Build.0 = Release|ARM
		{9848A658-3B06-4185-A525-3549383B3586}.AppStore|ARM.Deploy.0 = Release|ARM
		{9848A658-3B06-4185-A525-3549383B3586}.AppStore|iPhone.ActiveCfg = Release|x86
		{9848A658-3B06-4185-A525-3549383B3586}.AppStore|iPhone.Build.0 = Release|x86
		{9848A658-3B06-4185-A525-3549383B3586}.AppStore|iPhone.Deploy.0 = Release|x86
		{9848A658-3B06-4185-A525-3549383B3586}.AppStore|iPhoneSimulator.ActiveCfg = Release|x86
		{9848A658-3B06-4185-A525-3549383B3586}.AppStore|iPhoneSimulator.Build.0 = Release|x86
		{9848A658-3B06-4185-A525-3549383B3586}.AppStore|iPhoneSimulator.Deploy.0 = Release|x86
		{9848A658-3B06-4185-A525-3549383B3586}.AppStore|x64.ActiveCfg = Release|x64
		{9848A658-3B06-4185-A525-3549383B3586}.AppStore|x64.Build.0 = Release|x64
		{9848A658-3B06-4185-A525-3549383B3586}.AppStore|x64.Deploy.0 = Release|x64
		{9848A658-3B06-4185-A525-3549383B3586}.AppStore|x86.ActiveCfg = Release|x86
		{9848A658-3B06-4185-A525-3549383B3586}.AppStore|x86.Build.0 = Release|x86
		{9848A658-3B06-4185-A525-3549383B3586}.AppStore|x86.Deploy.0 = Release|x86
		{9848A658-3B06-4185-A525-3549383B3586}.Debug|Any CPU.ActiveCfg = Debug|x86
		{9848A658-3B06-4185-A525-3549383B3586}.Debug|Any CPU.Build.0 = Debug|x86
		{9848A658-3B06-4185-A525-3549383B3586}.Debug|Any CPU.Deploy.0 = Debug|x86
		{9848A658-3B06-4185-A525-3549383B3586}.Debug|ARM.ActiveCfg = Debug|ARM
		{9848A658-3B06-4185-A525-3549383B3586}.Debug|ARM.Build.0 = Debug|ARM
		{9848A658-3B06-4185-A525-3549383B3586}.Debug|ARM.Deploy.0 = Debug|ARM
		{9848A658-3B06-4185-A525-3549383B3586}.Debug|iPhone.ActiveCfg = Debug|x86
		{9848A658-3B06-4185-A525-3549383B3586}.Debug|iPhone.Build.0 = Debug|x86
		{9848A658-3B06-4185-A525-3549383B3586}.Debug|iPhone.Deploy.0 = Debug|x86
		{9848A658-3B06-4185-A525-3549383B3586}.Debug|iPhoneSimulator.ActiveCfg = Debug|x86
		{9848A658-3B06-4185-A525-3549383B3586}.Debug|iPhoneSimulator.Build.0 = Debug|x86
		{9848A658-3B06-4185-A525-3549383B3586}.Debug|iPhoneSimulator.Deploy.0 = Debug|x86
		{9848A658-3B06-4185-A525-3549383B3586}.Debug|x64.ActiveCfg = Debug|x64
		{9848A658-3B06-4185-A525-3549383B3586}.Debug|x64.Build.0 = Debug|x64
		{9848A658-3B06-4185-A525-3549383B3586}.Debug|x64.Deploy.0 = Debug|x64
		{9848A658-3B06-4185-A525-3549383B3586}.Debug|x86.ActiveCfg = Debug|x86
		{9848A658-3B06-4185-A525-3549383B3586}.Debug|x86.Build.0 = Debug|x86
		{9848A658-3B06-4185-A525-3549383B3586}.Debug|x86.Deploy.0 = Debug|x86
		{9848A658-3B06-4185-A525-3549383B3586}.Release|Any CPU.ActiveCfg = Release|x86
		{9848A658-3B06-4185-A525-3549383B3586}.Release|Any CPU.Build.0 = Release|x86
		{9848A658-3B06-4185-A525-3549383B3586}.Release|Any CPU.Deploy.0 = Release|x86
		{9848A658-3B06-4185-A525-3549383B3586}.Release|ARM.ActiveCfg = Release|ARM
		{9848A658-3B06-4185-A525-3549383B3586}.Release|ARM.Build.0 = Release|ARM
		{9848A658-3B06-4185-A525-3549383B3586}.Release|ARM.Deploy.0 = Release|ARM
		{9848A658-3B06-4185-A525-3549383B3586}.Release|iPhone.ActiveCfg = Release|x86
		{9848A658-3B06-4185-A525-3549383B3586}.Release|iPhone.Build.0 = Release|x86
		{9848A658-3B06-4185-A525-3549383B3586}.Release|iPhone.Deploy.0 = Release|x86
		{9848A658-3B06-4185-A525-3549383B3586}.Release|iPhoneSimulator.ActiveCfg = Release|x86
		{9848A658-3B06-4185-A525-3549383B3586}.Release|iPhoneSimulator.Build.0 = Release|x86
		{9848A658-3B06-4185-A525-3549383B3586}.Release|iPhoneSimulator.Deploy.0 = Release|x86
		{9848A658-3B06-4185-A525-3549383B3586}.Release|x64.ActiveCfg = Release|x64
		{9848A658-3B06-4185-A525-3549383B3586}.Release|x64.Build.0 = Release|x64
		{9848A658-3B06-4185-A525-3549383B3586}.Release|x64.Deploy.0 = Release|x64
		{9848A658-3B06-4185-A525-3549383B3586}.Release|x86.ActiveCfg = Release|x86
		{9848A658-3B06-4185-A525-3549383B3586}.Release|x86.Build.0 = Release|x86
		{9848A658-3B06-4185-A525-3549383B3586}.Release|x86.Deploy.0 = Release|x86
		{55DDFF6A-1956-41DB-9A5D-0CA2FBEC60D6}.Ad-Hoc|Any CPU.ActiveCfg = Debug|Any CPU
		{55DDFF6A-1956-41DB-9A5D-0CA2FBEC60D6}.Ad-Hoc|Any CPU.Build.0 = Debug|Any CPU
		{55DDFF6A-1956-41DB-9A5D-0CA2FBEC60D6}.Ad-Hoc|ARM.ActiveCfg = Debug|Any CPU
		{55DDFF6A-1956-41DB-9A5D-0CA2FBEC60D6}.Ad-Hoc|ARM.Build.0 = Debug|Any CPU
		{55DDFF6A-1956-41DB-9A5D-0CA2FBEC60D6}.Ad-Hoc|iPhone.ActiveCfg = Debug|Any CPU
		{55DDFF6A-1956-41DB-9A5D-0CA2FBEC60D6}.Ad-Hoc|iPhone.Build.0 = Debug|Any CPU
		{55DDFF6A-1956-41DB-9A5D-0CA2FBEC60D6}.Ad-Hoc|iPhoneSimulator.ActiveCfg = Debug|Any CPU
		{55DDFF6A-1956-41DB-9A5D-0CA2FBEC60D6}.Ad-Hoc|iPhoneSimulator.Build.0 = Debug|Any CPU
		{55DDFF6A-1956-41DB-9A5D-0CA2FBEC60D6}.Ad-Hoc|x64.ActiveCfg = Debug|Any CPU
		{55DDFF6A-1956-41DB-9A5D-0CA2FBEC60D6}.Ad-Hoc|x64.Build.0 = Debug|Any CPU
		{55DDFF6A-1956-41DB-9A5D-0CA2FBEC60D6}.Ad-Hoc|x86.ActiveCfg = Debug|Any CPU
		{55DDFF6A-1956-41DB-9A5D-0CA2FBEC60D6}.Ad-Hoc|x86.Build.0 = Debug|Any CPU
		{55DDFF6A-1956-41DB-9A5D-0CA2FBEC60D6}.AppStore|Any CPU.ActiveCfg = Debug|Any CPU
		{55DDFF6A-1956-41DB-9A5D-0CA2FBEC60D6}.AppStore|Any CPU.Build.0 = Debug|Any CPU
		{55DDFF6A-1956-41DB-9A5D-0CA2FBEC60D6}.AppStore|ARM.ActiveCfg = Debug|Any CPU
		{55DDFF6A-1956-41DB-9A5D-0CA2FBEC60D6}.AppStore|ARM.Build.0 = Debug|Any CPU
		{55DDFF6A-1956-41DB-9A5D-0CA2FBEC60D6}.AppStore|iPhone.ActiveCfg = Debug|Any CPU
		{55DDFF6A-1956-41DB-9A5D-0CA2FBEC60D6}.AppStore|iPhone.Build.0 = Debug|Any CPU
		{55DDFF6A-1956-41DB-9A5D-0CA2FBEC60D6}.AppStore|iPhoneSimulator.ActiveCfg = Debug|Any CPU
		{55DDFF6A-1956-41DB-9A5D-0CA2FBEC60D6}.AppStore|iPhoneSimulator.Build.0 = Debug|Any CPU
		{55DDFF6A-1956-41DB-9A5D-0CA2FBEC60D6}.AppStore|x64.ActiveCfg = Debug|Any CPU
		{55DDFF6A-1956-41DB-9A5D-0CA2FBEC60D6}.AppStore|x64.Build.0 = Debug|Any CPU
		{55DDFF6A-1956-41DB-9A5D-0CA2FBEC60D6}.AppStore|x86.ActiveCfg = Debug|Any CPU
		{55DDFF6A-1956-41DB-9A5D-0CA2FBEC60D6}.AppStore|x86.Build.0 = Debug|Any CPU
		{55DDFF6A-1956-41DB-9A5D-0CA2FBEC60D6}.Debug|Any CPU.ActiveCfg = Debug|Any CPU
		{55DDFF6A-1956-41DB-9A5D-0CA2FBEC60D6}.Debug|Any CPU.Build.0 = Debug|Any CPU
		{55DDFF6A-1956-41DB-9A5D-0CA2FBEC60D6}.Debug|ARM.ActiveCfg = Debug|Any CPU
		{55DDFF6A-1956-41DB-9A5D-0CA2FBEC60D6}.Debug|ARM.Build.0 = Debug|Any CPU
		{55DDFF6A-1956-41DB-9A5D-0CA2FBEC60D6}.Debug|iPhone.ActiveCfg = Debug|Any CPU
		{55DDFF6A-1956-41DB-9A5D-0CA2FBEC60D6}.Debug|iPhone.Build.0 = Debug|Any CPU
		{55DDFF6A-1956-41DB-9A5D-0CA2FBEC60D6}.Debug|iPhoneSimulator.ActiveCfg = Debug|Any CPU
		{55DDFF6A-1956-41DB-9A5D-0CA2FBEC60D6}.Debug|iPhoneSimulator.Build.0 = Debug|Any CPU
		{55DDFF6A-1956-41DB-9A5D-0CA2FBEC60D6}.Debug|x64.ActiveCfg = Debug|Any CPU
		{55DDFF6A-1956-41DB-9A5D-0CA2FBEC60D6}.Debug|x64.Build.0 = Debug|Any CPU
		{55DDFF6A-1956-41DB-9A5D-0CA2FBEC60D6}.Debug|x86.ActiveCfg = Debug|Any CPU
		{55DDFF6A-1956-41DB-9A5D-0CA2FBEC60D6}.Debug|x86.Build.0 = Debug|Any CPU
		{55DDFF6A-1956-41DB-9A5D-0CA2FBEC60D6}.Release|Any CPU.ActiveCfg = Release|Any CPU
		{55DDFF6A-1956-41DB-9A5D-0CA2FBEC60D6}.Release|Any CPU.Build.0 = Release|Any CPU
		{55DDFF6A-1956-41DB-9A5D-0CA2FBEC60D6}.Release|ARM.ActiveCfg = Release|Any CPU
		{55DDFF6A-1956-41DB-9A5D-0CA2FBEC60D6}.Release|ARM.Build.0 = Release|Any CPU
		{55DDFF6A-1956-41DB-9A5D-0CA2FBEC60D6}.Release|iPhone.ActiveCfg = Release|Any CPU
		{55DDFF6A-1956-41DB-9A5D-0CA2FBEC60D6}.Release|iPhone.Build.0 = Release|Any CPU
		{55DDFF6A-1956-41DB-9A5D-0CA2FBEC60D6}.Release|iPhoneSimulator.ActiveCfg = Release|Any CPU
		{55DDFF6A-1956-41DB-9A5D-0CA2FBEC60D6}.Release|iPhoneSimulator.Build.0 = Release|Any CPU
		{55DDFF6A-1956-41DB-9A5D-0CA2FBEC60D6}.Release|x64.ActiveCfg = Release|Any CPU
		{55DDFF6A-1956-41DB-9A5D-0CA2FBEC60D6}.Release|x64.Build.0 = Release|Any CPU
		{55DDFF6A-1956-41DB-9A5D-0CA2FBEC60D6}.Release|x86.ActiveCfg = Release|Any CPU
		{55DDFF6A-1956-41DB-9A5D-0CA2FBEC60D6}.Release|x86.Build.0 = Release|Any CPU
	EndGlobalSection
	GlobalSection(SolutionProperties) = preSolution
		HideSolutionNode = FALSE
	EndGlobalSection
	GlobalSection(ExtensibilityGlobals) = postSolution
		SolutionGuid = {F3AB40C4-9993-4789-B3DC-E0A82A373C19}
	EndGlobalSection
EndGlobal
